
Microsoft Visual Studio Solution File, Format Version 12.00
# Visual Studio Version 16
VisualStudioVersion = 16.0.29609.76
MinimumVisualStudioVersion = 10.0.40219.1
Project("{FAE04EC0-301F-11D3-BF4B-00C04F79EFBC}") = "AGLChallenge.Client", "AGLChallenge\AGLChallenge.Client.csproj", "{DE0C4645-D4CB-4169-89E1-1E18DE2328F3}"
EndProject
Project("{FAE04EC0-301F-11D3-BF4B-00C04F79EFBC}") = "AGLChallenge.Services", "AGLChallenge.Services\AGLChallenge.Services.csproj", "{0E8BE346-C982-4B76-950D-69E1DEC3C752}"
EndProject
Project("{FAE04EC0-301F-11D3-BF4B-00C04F79EFBC}") = "AGLChallenge.DTO", "AGLChallenge.DTO\AGLChallenge.DTO.csproj", "{8E95526A-A498-47E8-82F5-06C2F8369B62}"
EndProject
Project("{FAE04EC0-301F-11D3-BF4B-00C04F79EFBC}") = "AGLChallenge.Common", "AGLChallenge.Common\AGLChallenge.Common.csproj", "{C033B8DF-168D-40CA-86FE-634E03053307}"
EndProject
Project("{FAE04EC0-301F-11D3-BF4B-00C04F79EFBC}") = "AGLChallenge.Services.Test", "AGLChallenge.Services.Test\AGLChallenge.Services.Test.csproj", "{2E120F8C-33C5-4B90-827A-870B74E26A26}"
EndProject
Project("{FAE04EC0-301F-11D3-BF4B-00C04F79EFBC}") = "AGLChallenge.Client.IntegrationTest", "AGLChallenge.Client.IntegrationTest\AGLChallenge.Client.IntegrationTest.csproj", "{477F6B27-5ABC-4D4C-8361-1BADFA3ED040}"
EndProject
Global
	GlobalSection(SolutionConfigurationPlatforms) = preSolution
		Debug|Any CPU = Debug|Any CPU
		Release|Any CPU = Release|Any CPU
	EndGlobalSection
	GlobalSection(ProjectConfigurationPlatforms) = postSolution
		{DE0C4645-D4CB-4169-89E1-1E18DE2328F3}.Debug|Any CPU.ActiveCfg = Debug|Any CPU
		{DE0C4645-D4CB-4169-89E1-1E18DE2328F3}.Debug|Any CPU.Build.0 = Debug|Any CPU
		{DE0C4645-D4CB-4169-89E1-1E18DE2328F3}.Release|Any CPU.ActiveCfg = Release|Any CPU
		{DE0C4645-D4CB-4169-89E1-1E18DE2328F3}.Release|Any CPU.Build.0 = Release|Any CPU
		{0E8BE346-C982-4B76-950D-69E1DEC3C752}.Debug|Any CPU.ActiveCfg = Debug|Any CPU
		{0E8BE346-C982-4B76-950D-69E1DEC3C752}.Debug|Any CPU.Build.0 = Debug|Any CPU
		{0E8BE346-C982-4B76-950D-69E1DEC3C752}.Release|Any CPU.ActiveCfg = Release|Any CPU
		{0E8BE346-C982-4B76-950D-69E1DEC3C752}.Release|Any CPU.Build.0 = Release|Any CPU
		{8E95526A-A498-47E8-82F5-06C2F8369B62}.Debug|Any CPU.ActiveCfg = Debug|Any CPU
		{8E95526A-A498-47E8-82F5-06C2F8369B62}.Debug|Any CPU.Build.0 = Debug|Any CPU
		{8E95526A-A498-47E8-82F5-06C2F8369B62}.Release|Any CPU.ActiveCfg = Release|Any CPU
		{8E95526A-A498-47E8-82F5-06C2F8369B62}.Release|Any CPU.Build.0 = Release|Any CPU
		{C033B8DF-168D-40CA-86FE-634E03053307}.Debug|Any CPU.ActiveCfg = Debug|Any CPU
		{C033B8DF-168D-40CA-86FE-634E03053307}.Debug|Any CPU.Build.0 = Debug|Any CPU
		{C033B8DF-168D-40CA-86FE-634E03053307}.Release|Any CPU.ActiveCfg = Release|Any CPU
		{C033B8DF-168D-40CA-86FE-634E03053307}.Release|Any CPU.Build.0 = Release|Any CPU
		{2E120F8C-33C5-4B90-827A-870B74E26A26}.Debug|Any CPU.ActiveCfg = Debug|Any CPU
		{2E120F8C-33C5-4B90-827A-870B74E26A26}.Debug|Any CPU.Build.0 = Debug|Any CPU
		{2E120F8C-33C5-4B90-827A-870B74E26A26}.Release|Any CPU.ActiveCfg = Release|Any CPU
		{2E120F8C-33C5-4B90-827A-870B74E26A26}.Release|Any CPU.Build.0 = Release|Any CPU
		{477F6B27-5ABC-4D4C-8361-1BADFA3ED040}.Debug|Any CPU.ActiveCfg = Debug|Any CPU
		{477F6B27-5ABC-4D4C-8361-1BADFA3ED040}.Debug|Any CPU.Build.0 = Debug|Any CPU
		{477F6B27-5ABC-4D4C-8361-1BADFA3ED040}.Release|Any CPU.ActiveCfg = Release|Any CPU
		{477F6B27-5ABC-4D4C-8361-1BADFA3ED040}.Release|Any CPU.Build.0 = Release|Any CPU
	EndGlobalSection
	GlobalSection(SolutionProperties) = preSolution
		HideSolutionNode = FALSE
	EndGlobalSection
	GlobalSection(ExtensibilityGlobals) = postSolution
		SolutionGuid = {EC6A7A1D-01E6-4199-B281-71D2F505F0C1}
	EndGlobalSection
EndGlobal
